<?xml version="1.0" encoding="utf-8"?>
<Project ToolsVersion="4.0" xmlns="http://schemas.microsoft.com/developer/msbuild/2003">
  <ItemGroup>
    <Filter Include="Source Files">
      <UniqueIdentifier>{4FC737F1-C7A5-4376-A066-2A32D752A2FF}</UniqueIdentifier>
      <Extensions>cpp;c;cc;cxx;c++;cppm;ixx;def;odl;idl;hpj;bat;asm;asmx</Extensions>
    </Filter>
    <Filter Include="Header Files">
      <UniqueIdentifier>{93995380-89BD-4b04-88EB-625FBE52EBFB}</UniqueIdentifier>
      <Extensions>h;hh;hpp;hxx;h++;hm;inl;inc;ipp;xsd</Extensions>
    </Filter>
    <Filter Include="Resource Files">
      <UniqueIdentifier>{67DA6AB6-F800-4c08-8B7A-83BB121AAD01}</UniqueIdentifier>
      <Extensions>rc;ico;cur;bmp;dlg;rc2;rct;bin;rgs;gif;jpg;jpeg;jpe;resx;tiff;tif;png;wav;mfcribbon-ms</Extensions>
    </Filter>
  </ItemGroup>
  <ItemGroup>
    <ClCompile Include="main.cpp">
      <Filter>Source Files</Filter>
    </ClCompile>
    <ClCompile Include="..\browser\Camera.cpp">
      <Filter>Source Files</Filter>
    </ClCompile>
    <ClCompile Include="..\browser\EventManager.cpp">
      <Filter>Source Files</Filter>
    </ClCompile>
    <ClCompile Include="..\browser\GCommandBuffer.cpp">
      <Filter>Source Files</Filter>
    </ClCompile>
    <ClCompile Include="..\browser\GPipeline.cpp">
      <Filter>Source Files</Filter>
    </ClCompile>
    <ClCompile Include="..\browser\KatipoBrowser.cpp">
      <Filter>Source Files</Filter>
    </ClCompile>
    <ClCompile Include="..\browser\KatipoUtilities.cpp">
      <Filter>Source Files</Filter>
    </ClCompile>
    <ClCompile Include="..\browser\MainController.cpp">
      <Filter>Source Files</Filter>
    </ClCompile>
    <ClCompile Include="..\browser\MathUtils.cpp">
      <Filter>Source Files</Filter>
    </ClCompile>
    <ClCompile Include="..\browser\MJAudio.cpp">
      <Filter>Source Files</Filter>
    </ClCompile>
    <ClCompile Include="..\browser\MJCache.cpp">
      <Filter>Source Files</Filter>
    </ClCompile>
    <ClCompile Include="..\browser\MJColorView.cpp">
      <Filter>Source Files</Filter>
    </ClCompile>
    <ClCompile Include="..\browser\MJDataTexture.cpp">
      <Filter>Source Files</Filter>
    </ClCompile>
    <ClCompile Include="..\browser\MJDrawable.cpp">
      <Filter>Source Files</Filter>
    </ClCompile>
    <ClCompile Include="..\browser\MJDrawQuad.cpp">
      <Filter>Source Files</Filter>
    </ClCompile>
    <ClCompile Include="..\browser\MJFont.cpp">
      <Filter>Source Files</Filter>
    </ClCompile>
    <ClCompile Include="..\browser\MJImageTexture.cpp">
      <Filter>Source Files</Filter>
    </ClCompile>
    <ClCompile Include="..\browser\MJImageView.cpp">
      <Filter>Source Files</Filter>
    </ClCompile>
    <ClCompile Include="..\browser\MJRawImageTexture.cpp">
      <Filter>Source Files</Filter>
    </ClCompile>
    <ClCompile Include="..\browser\MJRawImageTexture3D.cpp">
      <Filter>Source Files</Filter>
    </ClCompile>
    <ClCompile Include="..\browser\MJRenderBuffer2.cpp">
      <Filter>Source Files</Filter>
    </ClCompile>
    <ClCompile Include="..\browser\MJRenderBufferIndexed2.cpp">
      <Filter>Source Files</Filter>
    </ClCompile>
    <ClCompile Include="..\browser\MJRenderTarget.cpp">
      <Filter>Source Files</Filter>
    </ClCompile>
    <ClCompile Include="..\browser\MJRenderTarget3D.cpp">
      <Filter>Source Files</Filter>
    </ClCompile>
    <ClCompile Include="..\browser\MJRenderTargetAccumulation.cpp">
      <Filter>Source Files</Filter>
    </ClCompile>
    <ClCompile Include="..\browser\MJRenderTargetShadow.cpp">
      <Filter>Source Files</Filter>
    </ClCompile>
    <ClCompile Include="..\browser\MJRenderTargetSSAO.cpp">
      <Filter>Source Files</Filter>
    </ClCompile>
    <ClCompile Include="..\browser\MJSong.cpp">
      <Filter>Source Files</Filter>
    </ClCompile>
    <ClCompile Include="..\browser\MJSound.cpp">
      <Filter>Source Files</Filter>
    </ClCompile>
    <ClCompile Include="..\browser\MJSound2D.cpp">
      <Filter>Source Files</Filter>
    </ClCompile>
    <ClCompile Include="..\browser\MJSound3D.cpp">
      <Filter>Source Files</Filter>
    </ClCompile>
    <ClCompile Include="..\browser\MJStaticRenderBuffer.cpp">
      <Filter>Source Files</Filter>
    </ClCompile>
    <ClCompile Include="..\browser\MJStaticRenderBuffer2.cpp">
      <Filter>Source Files</Filter>
    </ClCompile>
    <ClCompile Include="..\browser\MJTextView.cpp">
      <Filter>Source Files</Filter>
    </ClCompile>
    <ClCompile Include="..\browser\MJTimer.cpp">
      <Filter>Source Files</Filter>
    </ClCompile>
    <ClCompile Include="..\browser\MJView.cpp">
      <Filter>Source Files</Filter>
    </ClCompile>
    <ClCompile Include="..\browser\Noise3DFast.cpp">
      <Filter>Source Files</Filter>
    </ClCompile>
    <ClCompile Include="..\browser\Vulkan.cpp">
      <Filter>Source Files</Filter>
    </ClCompile>
    <ClCompile Include="..\browser\VulkanMemoryThread.cpp">
      <Filter>Source Files</Filter>
    </ClCompile>
    <ClCompile Include="..\katipo\core\ClientNetInterface.cpp">
      <Filter>Source Files</Filter>
    </ClCompile>
    <ClCompile Include="..\katipo\core\Database.cpp">
      <Filter>Source Files</Filter>
    </ClCompile>
    <ClCompile Include="..\katipo\core\DatabaseEnvironment.cpp">
      <Filter>Source Files</Filter>
    </ClCompile>
    <ClCompile Include="..\katipo\core\NetServerClient.cpp">
      <Filter>Source Files</Filter>
    </ClCompile>
    <ClCompile Include="..\katipo\core\Server.cpp">
      <Filter>Source Files</Filter>
    </ClCompile>
    <ClCompile Include="..\katipo\core\ServerNetInterface.cpp">
      <Filter>Source Files</Filter>
    </ClCompile>
    <ClCompile Include="..\katipo\core\Timer.cpp">
      <Filter>Source Files</Filter>
    </ClCompile>
    <ClCompile Include="..\katipo\thirdParty\tui\source\TuiBuiltInFunctions.cpp">
      <Filter>Source Files</Filter>
    </ClCompile>
    <ClCompile Include="..\katipo\thirdParty\tui\source\TuiFileUtils.cpp">
      <Filter>Source Files</Filter>
    </ClCompile>
    <ClCompile Include="..\katipo\thirdParty\tui\source\TuiFunction.cpp">
      <Filter>Source Files</Filter>
    </ClCompile>
    <ClCompile Include="..\katipo\thirdParty\tui\source\TuiRef.cpp">
      <Filter>Source Files</Filter>
    </ClCompile>
    <ClCompile Include="..\katipo\thirdParty\tui\source\TuiSha1.cpp">
      <Filter>Source Files</Filter>
    </ClCompile>
    <ClCompile Include="..\katipo\thirdParty\tui\source\TuiTable.cpp">
      <Filter>Source Files</Filter>
    </ClCompile>
    <ClCompile Include="..\thirdParty\MurmurHash3.cpp">
      <Filter>Source Files</Filter>
    </ClCompile>
    <ClCompile Include="..\katipo\thirdParty\enet-1.3.18\callbacks.c">
      <Filter>Source Files</Filter>
    </ClCompile>
    <ClCompile Include="..\katipo\thirdParty\enet-1.3.18\compress.c">
      <Filter>Source Files</Filter>
    </ClCompile>
    <ClCompile Include="..\katipo\thirdParty\enet-1.3.18\host.c">
      <Filter>Source Files</Filter>
    </ClCompile>
    <ClCompile Include="..\katipo\thirdParty\enet-1.3.18\list.c">
      <Filter>Source Files</Filter>
    </ClCompile>
    <ClCompile Include="..\katipo\thirdParty\enet-1.3.18\packet.c">
      <Filter>Source Files</Filter>
    </ClCompile>
    <ClCompile Include="..\katipo\thirdParty\enet-1.3.18\peer.c">
      <Filter>Source Files</Filter>
    </ClCompile>
    <ClCompile Include="..\katipo\thirdParty\enet-1.3.18\protocol.c">
      <Filter>Source Files</Filter>
    </ClCompile>
    <ClCompile Include="..\katipo\thirdParty\enet-1.3.18\win32.c">
      <Filter>Source Files</Filter>
    </ClCompile>
    <ClCompile Include="..\katipo\thirdParty\liblmdb\midl.c">
      <Filter>Source Files</Filter>
    </ClCompile>
    <ClCompile Include="..\katipo\thirdParty\liblmdb\mdb.c">
      <Filter>Source Files</Filter>
    </ClCompile>
    <ClCompile Include="..\browser\MJAudioSDLMixer.cpp">
      <Filter>Source Files</Filter>
    </ClCompile>
  </ItemGroup>
  <ItemGroup>
    <ClInclude Include="..\browser\Camera.h">
      <Filter>Source Files</Filter>
    </ClInclude>
    <ClInclude Include="..\katipo\core\ClientHttpInterface.h">
      <Filter>Source Files</Filter>
    </ClInclude>
    <ClInclude Include="..\browser\ClientModel.h">
      <Filter>Source Files</Filter>
    </ClInclude>
    <ClInclude Include="..\katipo\core\ClientNetInterface.h">
      <Filter>Source Files</Filter>
    </ClInclude>
    <ClInclude Include="..\katipo\core\Database.h">
      <Filter>Source Files</Filter>
    </ClInclude>
    <ClInclude Include="..\katipo\core\DatabaseEnvironment.h">
      <Filter>Source Files</Filter>
    </ClInclude>
    <ClInclude Include="..\browser\EventManager.h">
      <Filter>Source Files</Filter>
    </ClInclude>
    <ClInclude Include="..\browser\GCommandBuffer.h">
      <Filter>Source Files</Filter>
    </ClInclude>
    <ClInclude Include="..\browser\GPipeline.h">
      <Filter>Source Files</Filter>
    </ClInclude>
    <ClInclude Include="..\browser\KatipoBrowser.h">
      <Filter>Source Files</Filter>
    </ClInclude>
    <ClInclude Include="..\browser\KatipoUtilities.h">
      <Filter>Source Files</Filter>
    </ClInclude>
    <ClInclude Include="..\browser\MainController.h">
      <Filter>Source Files</Filter>
    </ClInclude>
    <ClInclude Include="..\browser\MaterialManager.h">
      <Filter>Source Files</Filter>
    </ClInclude>
    <ClInclude Include="..\browser\MathUtils.h">
      <Filter>Source Files</Filter>
    </ClInclude>
    <ClInclude Include="..\browser\MJAudio.h">
      <Filter>Source Files</Filter>
    </ClInclude>
    <ClInclude Include="..\browser\MJAudioSDLMixer.h">
      <Filter>Source Files</Filter>
    </ClInclude>
    <ClInclude Include="..\browser\MJCache.h">
      <Filter>Source Files</Filter>
    </ClInclude>
    <ClInclude Include="..\browser\MJColorView.h">
      <Filter>Source Files</Filter>
    </ClInclude>
    <ClInclude Include="..\browser\MJDataTexture.h">
      <Filter>Source Files</Filter>
    </ClInclude>
    <ClInclude Include="..\browser\MJDrawable.h">
      <Filter>Source Files</Filter>
    </ClInclude>
    <ClInclude Include="..\browser\MJDrawQuad.h">
      <Filter>Source Files</Filter>
    </ClInclude>
    <ClInclude Include="..\browser\MJFinalOutputQuad.h">
      <Filter>Source Files</Filter>
    </ClInclude>
    <ClInclude Include="..\browser\MJFont.h">
      <Filter>Source Files</Filter>
    </ClInclude>
    <ClInclude Include="..\browser\MJImageTexture.h">
      <Filter>Source Files</Filter>
    </ClInclude>
    <ClInclude Include="..\browser\MJImageView.h">
      <Filter>Source Files</Filter>
    </ClInclude>
    <ClInclude Include="..\katipo\core\MJLog.h">
      <Filter>Source Files</Filter>
    </ClInclude>
    <ClInclude Include="..\browser\MJRawImageTexture.h">
      <Filter>Source Files</Filter>
    </ClInclude>
    <ClInclude Include="..\browser\MJRawImageTexture3D.h">
      <Filter>Source Files</Filter>
    </ClInclude>
    <ClInclude Include="..\browser\MJRenderBuffer2.h">
      <Filter>Source Files</Filter>
    </ClInclude>
    <ClInclude Include="..\browser\MJRenderBufferIndexed2.h">
      <Filter>Source Files</Filter>
    </ClInclude>
    <ClInclude Include="..\browser\MJRenderTarget.h">
      <Filter>Source Files</Filter>
    </ClInclude>
    <ClInclude Include="..\browser\MJRenderTarget3D.h">
      <Filter>Source Files</Filter>
    </ClInclude>
    <ClInclude Include="..\browser\MJRenderTargetAccumulation.h">
      <Filter>Source Files</Filter>
    </ClInclude>
    <ClInclude Include="..\browser\MJRenderTargetShadow.h">
      <Filter>Source Files</Filter>
    </ClInclude>
    <ClInclude Include="..\browser\MJRenderTargetSSAO.h">
      <Filter>Source Files</Filter>
    </ClInclude>
    <ClInclude Include="..\browser\MJSong.h">
      <Filter>Source Files</Filter>
    </ClInclude>
    <ClInclude Include="..\browser\MJSound.h">
      <Filter>Source Files</Filter>
    </ClInclude>
    <ClInclude Include="..\browser\MJSound2D.h">
      <Filter>Source Files</Filter>
    </ClInclude>
    <ClInclude Include="..\browser\MJSound3D.h">
      <Filter>Source Files</Filter>
    </ClInclude>
    <ClInclude Include="..\browser\MJStaticRenderBuffer.h">
      <Filter>Source Files</Filter>
    </ClInclude>
    <ClInclude Include="..\browser\MJStaticRenderBuffer2.h">
      <Filter>Source Files</Filter>
    </ClInclude>
    <ClInclude Include="..\browser\MJTextView.h">
      <Filter>Source Files</Filter>
    </ClInclude>
    <ClInclude Include="..\browser\MJTimer.h">
      <Filter>Source Files</Filter>
    </ClInclude>
    <ClInclude Include="..\browser\MJVersion.h">
      <Filter>Source Files</Filter>
    </ClInclude>
    <ClInclude Include="..\katipo\core\MJVersion.h">
      <Filter>Source Files</Filter>
    </ClInclude>
    <ClInclude Include="..\browser\MJView.h">
      <Filter>Source Files</Filter>
    </ClInclude>
    <ClInclude Include="..\browser\Model.h">
      <Filter>Source Files</Filter>
    </ClInclude>
    <ClInclude Include="..\thirdParty\MurmurHash3.h">
      <Filter>Source Files</Filter>
    </ClInclude>
    <ClInclude Include="..\katipo\core\NetConstants.h">
      <Filter>Source Files</Filter>
    </ClInclude>
    <ClInclude Include="..\katipo\core\NetServerClient.h">
      <Filter>Source Files</Filter>
    </ClInclude>
    <ClInclude Include="..\browser\Noise3DFast.h">
      <Filter>Source Files</Filter>
    </ClInclude>
    <ClInclude Include="..\browser\ObjectVert.h">
      <Filter>Source Files</Filter>
    </ClInclude>
    <ClInclude Include="..\katipo\core\Server.h">
      <Filter>Source Files</Filter>
    </ClInclude>
    <ClInclude Include="..\katipo\core\ServerNetInterface.h">
      <Filter>Source Files</Filter>
    </ClInclude>
    <ClInclude Include="..\thirdParty\stb_image.h">
      <Filter>Source Files</Filter>
    </ClInclude>
    <ClInclude Include="..\katipo\core\ThreadSafeQueue.h">
      <Filter>Source Files</Filter>
    </ClInclude>
    <ClInclude Include="..\katipo\core\Timer.h">
      <Filter>Source Files</Filter>
    </ClInclude>
    <ClInclude Include="..\katipo\thirdParty\tui\source\TuiBuiltInFunctions.h">
      <Filter>Source Files</Filter>
    </ClInclude>
    <ClInclude Include="..\katipo\thirdParty\tui\source\TuiFileUtils.h">
      <Filter>Source Files</Filter>
    </ClInclude>
    <ClInclude Include="..\katipo\thirdParty\tui\source\TuiFunction.h">
      <Filter>Source Files</Filter>
    </ClInclude>
    <ClInclude Include="..\katipo\thirdParty\tui\source\TuiLog.h">
      <Filter>Source Files</Filter>
    </ClInclude>
    <ClInclude Include="..\katipo\thirdParty\tui\source\TuiNumber.h">
      <Filter>Source Files</Filter>
    </ClInclude>
    <ClInclude Include="..\katipo\thirdParty\tui\source\TuiRef.h">
      <Filter>Source Files</Filter>
    </ClInclude>
    <ClInclude Include="..\katipo\thirdParty\tui\source\TuiScript.h">
      <Filter>Source Files</Filter>
    </ClInclude>
    <ClInclude Include="..\katipo\thirdParty\tui\source\TuiSha1.h">
      <Filter>Source Files</Filter>
    </ClInclude>
    <ClInclude Include="..\katipo\thirdParty\tui\source\TuiStatement.h">
      <Filter>Source Files</Filter>
    </ClInclude>
    <ClInclude Include="..\katipo\thirdParty\tui\source\TuiString.h">
      <Filter>Source Files</Filter>
    </ClInclude>
    <ClInclude Include="..\katipo\thirdParty\tui\source\TuiStringUtils.h">
      <Filter>Source Files</Filter>
    </ClInclude>
    <ClInclude Include="..\katipo\thirdParty\tui\source\TuiTable.h">
      <Filter>Source Files</Filter>
    </ClInclude>
    <ClInclude Include="..\browser\Vulkan.h">
      <Filter>Source Files</Filter>
    </ClInclude>
    <ClInclude Include="..\browser\VulkanMemoryThread.h">
      <Filter>Source Files</Filter>
    </ClInclude>
    <ClInclude Include="..\browser\WindowInfo.h">
      <Filter>Source Files</Filter>
    </ClInclude>
  </ItemGroup>
</Project>